// !$*UTF8*$!
{
	archiveVersion = 1;
	classes = {
	};
	objectVersion = 56;
	objects = {

/* Begin PBXBuildFile section */
		9851C20A293736EC002AE64D /* MainClockView.m in Sources */ = {isa = PBXBuildFile; fileRef = 9851C209293736EC002AE64D /* MainClockView.m */; };
		9851C20C29374DFD002AE64D /* clock.png in Resources */ = {isa = PBXBuildFile; fileRef = 9851C20B29374DFD002AE64D /* clock.png */; };
		9851C20F29375254002AE64D /* SetupViewController.m in Sources */ = {isa = PBXBuildFile; fileRef = 9851C20E29375254002AE64D /* SetupViewController.m */; };
		98608740293722EF00F2C884 /* AppDelegate.m in Sources */ = {isa = PBXBuildFile; fileRef = 9860873F293722EF00F2C884 /* AppDelegate.m */; };
		98608743293722EF00F2C884 /* SceneDelegate.m in Sources */ = {isa = PBXBuildFile; fileRef = 98608742293722EF00F2C884 /* SceneDelegate.m */; };
		98608746293722EF00F2C884 /* ViewController.m in Sources */ = {isa = PBXBuildFile; fileRef = 98608745293722EF00F2C884 /* ViewController.m */; };
		98608749293722EF00F2C884 /* Main.storyboard in Resources */ = {isa = PBXBuildFile; fileRef = 98608747293722EF00F2C884 /* Main.storyboard */; };
		9860874B293722F000F2C884 /* Assets.xcassets in Resources */ = {isa = PBXBuildFile; fileRef = 9860874A293722F000F2C884 /* Assets.xcassets */; };
		9860874E293722F000F2C884 /* LaunchScreen.storyboard in Resources */ = {isa = PBXBuildFile; fileRef = 9860874C293722F000F2C884 /* LaunchScreen.storyboard */; };
		98608751293722F000F2C884 /* main.m in Sources */ = {isa = PBXBuildFile; fileRef = 98608750293722F000F2C884 /* main.m */; };
		986087592937252000F2C884 /* MainViewController.m in Sources */ = {isa = PBXBuildFile; fileRef = 986087582937252000F2C884 /* MainViewController.m */; };
/* End PBXBuildFile section */

/* Begin PBXFileReference section */
		9851C208293736EC002AE64D /* MainClockView.h */ = {isa = PBXFileReference; lastKnownFileType = sourcecode.c.h; path = MainClockView.h; sourceTree = "<group>"; };
		9851C209293736EC002AE64D /* MainClockView.m */ = {isa = PBXFileReference; lastKnownFileType = sourcecode.c.objc; path = MainClockView.m; sourceTree = "<group>"; };
		9851C20B29374DFD002AE64D /* clock.png */ = {isa = PBXFileReference; lastKnownFileType = image.png; path = clock.png; sourceTree = "<group>"; };
		9851C20D29375254002AE64D /* SetupViewController.h */ = {isa = PBXFileReference; lastKnownFileType = sourcecode.c.h; path = SetupViewController.h; sourceTree = "<group>"; };
		9851C20E29375254002AE64D /* SetupViewController.m */ = {isa = PBXFileReference; lastKnownFileType = sourcecode.c.objc; path = SetupViewController.m; sourceTree = "<group>"; };
		9860873B293722EF00F2C884 /* T5AlaramApp.app */ = {isa = PBXFileReference; explicitFileType = wrapper.application; includeInIndex = 0; path = T5AlaramApp.app; sourceTree = BUILT_PRODUCTS_DIR; };
		9860873E293722EF00F2C884 /* AppDelegate.h */ = {isa = PBXFileReference; lastKnownFileType = sourcecode.c.h; path = AppDelegate.h; sourceTree = "<group>"; };
		9860873F293722EF00F2C884 /* AppDelegate.m */ = {isa = PBXFileReference; lastKnownFileType = sourcecode.c.objc; path = AppDelegate.m; sourceTree = "<group>"; };
		98608741293722EF00F2C884 /* SceneDelegate.h */ = {isa = PBXFileReference; lastKnownFileType = sourcecode.c.h; path = SceneDelegate.h; sourceTree = "<group>"; };
		98608742293722EF00F2C884 /* SceneDelegate.m */ = {isa = PBXFileReference; lastKnownFileType = sourcecode.c.objc; path = SceneDelegate.m; sourceTree = "<group>"; };
		98608744293722EF00F2C884 /* ViewController.h */ = {isa = PBXFileReference; lastKnownFileType = sourcecode.c.h; path = ViewController.h; sourceTree = "<group>"; };
		98608745293722EF00F2C884 /* ViewController.m */ = {isa = PBXFileReference; lastKnownFileType = sourcecode.c.objc; path = ViewController.m; sourceTree = "<group>"; };
		98608748293722EF00F2C884 /* Base */ = {isa = PBXFileReference; lastKnownFileType = file.storyboard; name = Base; path = Base.lproj/Main.storyboard; sourceTree = "<group>"; };
		9860874A293722F000F2C884 /* Assets.xcassets */ = {isa = PBXFileReference; lastKnownFileType = folder.assetcatalog; path = Assets.xcassets; sourceTree = "<group>"; };
		9860874D293722F000F2C884 /* Base */ = {isa = PBXFileReference; lastKnownFileType = file.storyboard; name = Base; path = Base.lproj/LaunchScreen.storyboard; sourceTree = "<group>"; };
		9860874F293722F000F2C884 /* Info.plist */ = {isa = PBXFileReference; lastKnownFileType = text.plist.xml; path = Info.plist; sourceTree = "<group>"; };
		98608750293722F000F2C884 /* main.m */ = {isa = PBXFileReference; lastKnownFileType = sourcecode.c.objc; path = main.m; sourceTree = "<group>"; };
		986087572937252000F2C884 /* MainViewController.h */ = {isa = PBXFileReference; lastKnownFileType = sourcecode.c.h; path = MainViewController.h; sourceTree = "<group>"; };
		986087582937252000F2C884 /* MainViewController.m */ = {isa = PBXFileReference; lastKnownFileType = sourcecode.c.objc; path = MainViewController.m; sourceTree = "<group>"; };
/* End PBXFileReference section */

/* Begin PBXFrameworksBuildPhase section */
		98608738293722EF00F2C884 /* Frameworks */ = {
			isa = PBXFrameworksBuildPhase;
			buildActionMask = 2147483647;
			files = (
			);
			runOnlyForDeploymentPostprocessing = 0;
		};
/* End PBXFrameworksBuildPhase section */

/* Begin PBXGroup section */
		98608732293722EF00F2C884 = {
			isa = PBXGroup;
			children = (
				9860873D293722EF00F2C884 /* T5AlaramApp */,
				9860873C293722EF00F2C884 /* Products */,
			);
			sourceTree = "<group>";
		};
		9860873C293722EF00F2C884 /* Products */ = {
			isa = PBXGroup;
			children = (
				9860873B293722EF00F2C884 /* T5AlaramApp.app */,
			);
			name = Products;
			sourceTree = "<group>";
		};
		9860873D293722EF00F2C884 /* T5AlaramApp */ = {
			isa = PBXGroup;
			children = (
				9860873E293722EF00F2C884 /* AppDelegate.h */,
				9860873F293722EF00F2C884 /* AppDelegate.m */,
				98608741293722EF00F2C884 /* SceneDelegate.h */,
				98608742293722EF00F2C884 /* SceneDelegate.m */,
				98608744293722EF00F2C884 /* ViewController.h */,
				98608745293722EF00F2C884 /* ViewController.m */,
				98608747293722EF00F2C884 /* Main.storyboard */,
				9851C20D29375254002AE64D /* SetupViewController.h */,
				9851C20E29375254002AE64D /* SetupViewController.m */,
				9851C208293736EC002AE64D /* MainClockView.h */,
				9851C209293736EC002AE64D /* MainClockView.m */,
				986087572937252000F2C884 /* MainViewController.h */,
				986087582937252000F2C884 /* MainViewController.m */,
				9860874A293722F000F2C884 /* Assets.xcassets */,
				9860874C293722F000F2C884 /* LaunchScreen.storyboard */,
				9860874F293722F000F2C884 /* Info.plist */,
				98608750293722F000F2C884 /* main.m */,
				9851C20B29374DFD002AE64D /* clock.png */,
			);
			path = T5AlaramApp;
			sourceTree = "<group>";
		};
/* End PBXGroup section */

/* Begin PBXNativeTarget section */
		9860873A293722EF00F2C884 /* T5AlaramApp */ = {
			isa = PBXNativeTarget;
			buildConfigurationList = 98608754293722F000F2C884 /* Build configuration list for PBXNativeTarget "T5AlaramApp" */;
			buildPhases = (
				98608737293722EF00F2C884 /* Sources */,
				98608738293722EF00F2C884 /* Frameworks */,
				98608739293722EF00F2C884 /* Resources */,
			);
			buildRules = (
			);
			dependencies = (
			);
			name = T5AlaramApp;
			productName = T5AlaramApp;
			productReference = 9860873B293722EF00F2C884 /* T5AlaramApp.app */;
			productType = "com.apple.product-type.application";
		};
/* End PBXNativeTarget section */

/* Begin PBXProject section */
		98608733293722EF00F2C884 /* Project object */ = {
			isa = PBXProject;
			attributes = {
				BuildIndependentTargetsInParallel = 1;
				LastUpgradeCheck = 1410;
				TargetAttributes = {
					9860873A293722EF00F2C884 = {
						CreatedOnToolsVersion = 14.1;
					};
				};
			};
			buildConfigurationList = 98608736293722EF00F2C884 /* Build configuration list for PBXProject "T5AlaramApp" */;
			compatibilityVersion = "Xcode 14.0";
			developmentRegion = en;
			hasScannedForEncodings = 0;
			knownRegions = (
				en,
				Base,
			);
			mainGroup = 98608732293722EF00F2C884;
			productRefGroup = 9860873C293722EF00F2C884 /* Products */;
			projectDirPath = "";
			projectRoot = "";
			targets = (
				9860873A293722EF00F2C884 /* T5AlaramApp */,
			);
		};
/* End PBXProject section */

/* Begin PBXResourcesBuildPhase section */
		98608739293722EF00F2C884 /* Resources */ = {
			isa = PBXResourcesBuildPhase;
			buildActionMask = 2147483647;
			files = (
				9851C20C29374DFD002AE64D /* clock.png in Resources */,
				9860874E293722F000F2C884 /* LaunchScreen.storyboard in Resources */,
				9860874B293722F000F2C884 /* Assets.xcassets in Resources */,
				98608749293722EF00F2C884 /* Main.storyboard in Resources */,
			);
			runOnlyForDeploymentPostprocessing = 0;
		};
/* End PBXResourcesBuildPhase section */

/* Begin PBXSourcesBuildPhase section */
		98608737293722EF00F2C884 /* Sources */ = {
			isa = PBXSourcesBuildPhase;
			buildActionMask = 2147483647;
			files = (
				9851C20A293736EC002AE64D /* MainClockView.m in Sources */,
				98608746293722EF00F2C884 /* ViewController.m in Sources */,
				9851C20F29375254002AE64D /* SetupViewController.m in Sources */,
				98608740293722EF00F2C884 /* AppDelegate.m in Sources */,
				98608751293722F000F2C884 /* main.m in Sources */,
				986087592937252000F2C884 /* MainViewController.m in Sources */,
				98608743293722EF00F2C884 /* SceneDelegate.m in Sources */,
			);
			runOnlyForDeploymentPostprocessing = 0;
		};
/* End PBXSourcesBuildPhase section */

/* Begin PBXVariantGroup section */
		98608747293722EF00F2C884 /* Main.storyboard */ = {
			isa = PBXVariantGroup;
			children = (
				98608748293722EF00F2C884 /* Base */,
			);
			name = Main.storyboard;
			sourceTree = "<group>";
		};
		9860874C293722F000F2C884 /* LaunchScreen.storyboard */ = {
			isa = PBXVariantGroup;
			children = (
				9860874D293722F000F2C884 /* Base */,
			);
			name = LaunchScreen.storyboard;
			sourceTree = "<group>";
		};
/* End PBXVariantGroup section */

/* Begin XCBuildConfiguration section */
		98608752293722F000F2C884 /* Debug */ = {
			isa = XCBuildConfiguration;
			buildSettings = {
				ALWAYS_SEARCH_USER_PATHS = NO;
				CLANG_ANALYZER_NONNULL = YES;
				CLANG_ANALYZER_NUMBER_OBJECT_CONVERSION = YES_AGGRESSIVE;
				CLANG_CXX_LANGUAGE_STANDARD = "gnu++20";
				CLANG_ENABLE_MODULES = YES;
				CLANG_ENABLE_OBJC_ARC = YES;
				CLANG_ENABLE_OBJC_WEAK = YES;
				CLANG_WARN_BLOCK_CAPTURE_AUTORELEASING = YES;
				CLANG_WARN_BOOL_CONVERSION = YES;
				CLANG_WARN_COMMA = YES;
				CLANG_WARN_CONSTANT_CONVERSION = YES;
				CLANG_WARN_DEPRECATED_OBJC_IMPLEMENTATIONS = YES;
				CLANG_WARN_DIRECT_OBJC_ISA_USAGE = YES_ERROR;
				CLANG_WARN_DOCUMENTATION_COMMENTS = YES;
				CLANG_WARN_EMPTY_BODY = YES;
				CLANG_WARN_ENUM_CONVERSION = YES;
				CLANG_WARN_INFINITE_RECURSION = YES;
				CLANG_WARN_INT_CONVERSION = YES;
				CLANG_WARN_NON_LITERAL_NULL_CONVERSION = YES;
				CLANG_WARN_OBJC_IMPLICIT_RETAIN_SELF = YES;
				CLANG_WARN_OBJC_LITERAL_CONVERSION = YES;
				CLANG_WARN_OBJC_ROOT_CLASS = YES_ERROR;
				CLANG_WARN_QUOTED_INCLUDE_IN_FRAMEWORK_HEADER = YES;
				CLANG_WARN_RANGE_LOOP_ANALYSIS = YES;
				CLANG_WARN_STRICT_PROTOTYPES = YES;
				CLANG_WARN_SUSPICIOUS_MOVE = YES;
				CLANG_WARN_UNGUARDED_AVAILABILITY = YES_AGGRESSIVE;
				CLANG_WARN_UNREACHABLE_CODE = YES;
				CLANG_WARN__DUPLICATE_METHOD_MATCH = YES;
				COPY_PHASE_STRIP = NO;
				DEBUG_INFORMATION_FORMAT = dwarf;
				ENABLE_STRICT_OBJC_MSGSEND = YES;
				ENABLE_TESTABILITY = YES;
				GCC_C_LANGUAGE_STANDARD = gnu11;
				GCC_DYNAMIC_NO_PIC = NO;
				GCC_NO_COMMON_BLOCKS = YES;
				GCC_OPTIMIZATION_LEVEL = 0;
				GCC_PREPROCESSOR_DEFINITIONS = (
					"DEBUG=1",
					"$(inherited)",
				);
				GCC_WARN_64_TO_32_BIT_CONVERSION = YES;
				GCC_WARN_ABOUT_RETURN_TYPE = YES_ERROR;
				GCC_WARN_UNDECLARED_SELECTOR = YES;
				GCC_WARN_UNINITIALIZED_AUTOS = YES_AGGRESSIVE;
				GCC_WARN_UNUSED_FUNCTION = YES;
				GCC_WARN_UNUSED_VARIABLE = YES;
				IPHONEOS_DEPLOYMENT_TARGET = 16.1;
				MTL_ENABLE_DEBUG_INFO = INCLUDE_SOURCE;
				MTL_FAST_MATH = YES;
				ONLY_ACTIVE_ARCH = YES;
				SDKROOT = iphoneos;
			};
			name = Debug;
		};
		98608753293722F000F2C884 /* Release */ = {
			isa = XCBuildConfiguration;
			buildSettings = {
				ALWAYS_SEARCH_USER_PATHS = NO;
				CLANG_ANALYZER_NONNULL = YES;
				CLANG_ANALYZER_NUMBER_OBJECT_CONVERSION = YES_AGGRESSIVE;
				CLANG_CXX_LANGUAGE_STANDARD = "gnu++20";
				CLANG_ENABLE_MODULES = YES;
				CLANG_ENABLE_OBJC_ARC = YES;
				CLANG_ENABLE_OBJC_WEAK = YES;
				CLANG_WARN_BLOCK_CAPTURE_AUTORELEASING = YES;
				CLANG_WARN_BOOL_CONVERSION = YES;
				CLANG_WARN_COMMA = YES;
				CLANG_WARN_CONSTANT_CONVERSION = YES;
				CLANG_WARN_DEPRECATED_OBJC_IMPLEMENTATIONS = YES;
				CLANG_WARN_DIRECT_OBJC_ISA_USAGE = YES_ERROR;
				CLANG_WARN_DOCUMENTATION_COMMENTS = YES;
				CLANG_WARN_EMPTY_BODY = YES;
				CLANG_WARN_ENUM_CONVERSION = YES;
				CLANG_WARN_INFINITE_RECURSION = YES;
				CLANG_WARN_INT_CONVERSION = YES;
				CLANG_WARN_NON_LITERAL_NULL_CONVERSION = YES;
				CLANG_WARN_OBJC_IMPLICIT_RETAIN_SELF = YES;
				CLANG_WARN_OBJC_LITERAL_CONVERSION = YES;
				CLANG_WARN_OBJC_ROOT_CLASS = YES_ERROR;
				CLANG_WARN_QUOTED_INCLUDE_IN_FRAMEWORK_HEADER = YES;
				CLANG_WARN_RANGE_LOOP_ANALYSIS = YES;
				CLANG_WARN_STRICT_PROTOTYPES = YES;
				CLANG_WARN_SUSPICIOUS_MOVE = YES;
				CLANG_WARN_UNGUARDED_AVAILABILITY = YES_AGGRESSIVE;
				CLANG_WARN_UNREACHABLE_CODE = YES;
				CLANG_WARN__DUPLICATE_METHOD_MATCH = YES;
				COPY_PHASE_STRIP = NO;
				DEBUG_INFORMATION_FORMAT = "dwarf-with-dsym";
				ENABLE_NS_ASSERTIONS = NO;
				ENABLE_STRICT_OBJC_MSGSEND = YES;
				GCC_C_LANGUAGE_STANDARD = gnu11;
				GCC_NO_COMMON_BLOCKS = YES;
				GCC_WARN_64_TO_32_BIT_CONVERSION = YES;
				GCC_WARN_ABOUT_RETURN_TYPE = YES_ERROR;
				GCC_WARN_UNDECLARED_SELECTOR = YES;
				GCC_WARN_UNINITIALIZED_AUTOS = YES_AGGRESSIVE;
				GCC_WARN_UNUSED_FUNCTION = YES;
				GCC_WARN_UNUSED_VARIABLE = YES;
				IPHONEOS_DEPLOYMENT_TARGET = 16.1;
				MTL_ENABLE_DEBUG_INFO = NO;
				MTL_FAST_MATH = YES;
				SDKROOT = iphoneos;
				VALIDATE_PRODUCT = YES;
			};
			name = Release;
		};
		98608755293722F000F2C884 /* Debug */ = {
			isa = XCBuildConfiguration;
			buildSettings = {
				ASSETCATALOG_COMPILER_APPICON_NAME = AppIcon;
				ASSETCATALOG_COMPILER_GLOBAL_ACCENT_COLOR_NAME = AccentColor;
				CODE_SIGN_STYLE = Automatic;
				CURRENT_PROJECT_VERSION = 1;
				GENERATE_INFOPLIST_FILE = YES;
				INFOPLIST_FILE = T5AlaramApp/Info.plist;
				INFOPLIST_KEY_UIApplicationSupportsIndirectInputEvents = YES;
				INFOPLIST_KEY_UILaunchStoryboardName = LaunchScreen;
				INFOPLIST_KEY_UIMainStoryboardFile = Main;
				INFOPLIST_KEY_UISupportedInterfaceOrientations_iPad = "UIInterfaceOrientationPortrait UIInterfaceOrientationPortraitUpsideDown UIInterfaceOrientationLandscapeLeft UIInterfaceOrientationLandscapeRight";
				INFOPLIST_KEY_UISupportedInterfaceOrientations_iPhone = "UIInterfaceOrientationPortrait UIInterfaceOrientationLandscapeLeft UIInterfaceOrientationLandscapeRight";
				LD_RUNPATH_SEARCH_PATHS = (
					"$(inherited)",
					"@executable_path/Frameworks",
				);
				MARKETING_VERSION = 1.0;
				PRODUCT_BUNDLE_IDENTIFIER = com.vivakorea.T5AlaramApp;
				PRODUCT_NAME = "$(TARGET_NAME)";
				SWIFT_EMIT_LOC_STRINGS = YES;
				TARGETED_DEVICE_FAMILY = "1,2";
			};
			name = Debug;
		};
		98608756293722F000F2C884 /* Release */ = {
			isa = XCBuildConfiguration;
			buildSettings = {
				ASSETCATALOG_COMPILER_APPICON_NAME = AppIcon;
				ASSETCATALOG_COMPILER_GLOBAL_ACCENT_COLOR_NAME = AccentColor;
				CODE_SIGN_STYLE = Automatic;
				CURRENT_PROJECT_VERSION = 1;
				GENERATE_INFOPLIST_FILE = YES;
				INFOPLIST_FILE = T5AlaramApp/Info.plist;
				INFOPLIST_KEY_UIApplicationSupportsIndirectInputEvents = YES;
				INFOPLIST_KEY_UILaunchStoryboardName = LaunchScreen;
				INFOPLIST_KEY_UIMainStoryboardFile = Main;
				INFOPLIST_KEY_UISupportedInterfaceOrientations_iPad = "UIInterfaceOrientationPortrait UIInterfaceOrientationPortraitUpsideDown UIInterfaceOrientationLandscapeLeft UIInterfaceOrientationLandscapeRight";
				INFOPLIST_KEY_UISupportedInterfaceOrientations_iPhone = "UIInterfaceOrientationPortrait UIInterfaceOrientationLandscapeLeft UIInterfaceOrientationLandscapeRight";
				LD_RUNPATH_SEARCH_PATHS = (
					"$(inherited)",
					"@executable_path/Frameworks",
				);
				MARKETING_VERSION = 1.0;
				PRODUCT_BUNDLE_IDENTIFIER = com.vivakorea.T5AlaramApp;
				PRODUCT_NAME = "$(TARGET_NAME)";
				SWIFT_EMIT_LOC_STRINGS = YES;
				TARGETED_DEVICE_FAMILY = "1,2";
			};
			name = Release;
		};
/* End XCBuildConfiguration section */

/* Begin XCConfigurationList section */
		98608736293722EF00F2C884 /* Build configuration list for PBXProject "T5AlaramApp" */ = {
			isa = XCConfigurationList;
			buildConfigurations = (
				98608752293722F000F2C884 /* Debug */,
				98608753293722F000F2C884 /* Release */,
			);
			defaultConfigurationIsVisible = 0;
			defaultConfigurationName = Release;
		};
		98608754293722F000F2C884 /* Build configuration list for PBXNativeTarget "T5AlaramApp" */ = {
			isa = XCConfigurationList;
			buildConfigurations = (
				98608755293722F000F2C884 /* Debug */,
				98608756293722F000F2C884 /* Release */,
			);
			defaultConfigurationIsVisible = 0;
			defaultConfigurationName = Release;
		};
/* End XCConfigurationList section */
	};
	rootObject = 98608733293722EF00F2C884 /* Project object */;
}
